
Microsoft Visual Studio Solution File, Format Version 12.00
# Visual Studio Version 17
VisualStudioVersion = 17.2.32519.379
MinimumVisualStudioVersion = 10.0.40219.1
Project("{FAE04EC0-301F-11D3-BF4B-00C04F79EFBC}") = "Day7", "Day7\Day7.csproj", "{162E750A-26F2-4336-AF3E-07A61AABA085}"
EndProject
Project("{FAE04EC0-301F-11D3-BF4B-00C04F79EFBC}") = "LectureLib", "LectureLib\LectureLib.csproj", "{7FDA9D5D-7555-4A4B-B731-08D1B5B1E0BC}"
EndProject
Global
	GlobalSection(SolutionConfigurationPlatforms) = preSolution
		Debug|Any CPU = Debug|Any CPU
		Release|Any CPU = Release|Any CPU
	EndGlobalSection
	GlobalSection(ProjectConfigurationPlatforms) = postSolution
		{162E750A-26F2-4336-AF3E-07A61AABA085}.Debug|Any CPU.ActiveCfg = Debug|Any CPU
		{162E750A-26F2-4336-AF3E-07A61AABA085}.Debug|Any CPU.Build.0 = Debug|Any CPU
		{162E750A-26F2-4336-AF3E-07A61AABA085}.Release|Any CPU.ActiveCfg = Release|Any CPU
		{162E750A-26F2-4336-AF3E-07A61AABA085}.Release|Any CPU.Build.0 = Release|Any CPU
		{7FDA9D5D-7555-4A4B-B731-08D1B5B1E0BC}.Debug|Any CPU.ActiveCfg = Debug|Any CPU
		{7FDA9D5D-7555-4A4B-B731-08D1B5B1E0BC}.Debug|Any CPU.Build.0 = Debug|Any CPU
		{7FDA9D5D-7555-4A4B-B731-08D1B5B1E0BC}.Release|Any CPU.ActiveCfg = Release|Any CPU
		{7FDA9D5D-7555-4A4B-B731-08D1B5B1E0BC}.Release|Any CPU.Build.0 = Release|Any CPU
	EndGlobalSection
	GlobalSection(SolutionProperties) = preSolution
		HideSolutionNode = FALSE
	EndGlobalSection
	GlobalSection(ExtensibilityGlobals) = postSolution
		SolutionGuid = {E4965215-E446-4730-B3DA-88223E4AE418}
	EndGlobalSection
EndGlobal
