
Microsoft Visual Studio Solution File, Format Version 12.00
# Visual Studio Version 17
VisualStudioVersion = 17.2.32519.379
MinimumVisualStudioVersion = 10.0.40219.1
Project("{FAE04EC0-301F-11D3-BF4B-00C04F79EFBC}") = "Day01", "Day01\Day01.csproj", "{01FD16F3-D15D-469D-9C0A-1BC803B25596}"
EndProject
Global
	GlobalSection(SolutionConfigurationPlatforms) = preSolution
		Debug|Any CPU = Debug|Any CPU
		Release|Any CPU = Release|Any CPU
	EndGlobalSection
	GlobalSection(ProjectConfigurationPlatforms) = postSolution
		{01FD16F3-D15D-469D-9C0A-1BC803B25596}.Debug|Any CPU.ActiveCfg = Debug|Any CPU
		{01FD16F3-D15D-469D-9C0A-1BC803B25596}.Debug|Any CPU.Build.0 = Debug|Any CPU
		{01FD16F3-D15D-469D-9C0A-1BC803B25596}.Release|Any CPU.ActiveCfg = Release|Any CPU
		{01FD16F3-D15D-469D-9C0A-1BC803B25596}.Release|Any CPU.Build.0 = Release|Any CPU
	EndGlobalSection
	GlobalSection(SolutionProperties) = preSolution
		HideSolutionNode = FALSE
	EndGlobalSection
	GlobalSection(ExtensibilityGlobals) = postSolution
		SolutionGuid = {8B4C3214-67E8-4DAF-8005-CC9C54CFE73D}
	EndGlobalSection
EndGlobal
